
Microsoft Visual Studio Solution File, Format Version 12.00
# Visual Studio Version 17
VisualStudioVersion = 17.4.33213.308
MinimumVisualStudioVersion = 10.0.40219.1
Project("{FAE04EC0-301F-11D3-BF4B-00C04F79EFBC}") = "question 3", "question 3\question 3.csproj", "{C0673AA6-55C6-4627-86A3-C45A05A82490}"
EndProject
Global
	GlobalSection(SolutionConfigurationPlatforms) = preSolution
		Debug|Any CPU = Debug|Any CPU
		Release|Any CPU = Release|Any CPU
	EndGlobalSection
	GlobalSection(ProjectConfigurationPlatforms) = postSolution
		{C0673AA6-55C6-4627-86A3-C45A05A82490}.Debug|Any CPU.ActiveCfg = Debug|Any CPU
		{C0673AA6-55C6-4627-86A3-C45A05A82490}.Debug|Any CPU.Build.0 = Debug|Any CPU
		{C0673AA6-55C6-4627-86A3-C45A05A82490}.Release|Any CPU.ActiveCfg = Release|Any CPU
		{C0673AA6-55C6-4627-86A3-C45A05A82490}.Release|Any CPU.Build.0 = Release|Any CPU
	EndGlobalSection
	GlobalSection(SolutionProperties) = preSolution
		HideSolutionNode = FALSE
	EndGlobalSection
	GlobalSection(ExtensibilityGlobals) = postSolution
		SolutionGuid = {8B6D3126-E110-48DD-A582-20C183EAD051}
	EndGlobalSection
EndGlobal
